// !$*UTF8*$!
{
	archiveVersion = 1;
	classes = {
	};
	objectVersion = 50;
	objects = {

/* Begin PBXBuildFile section */
		7CC374C826362AA600E94972 /* AppDelegate.swift in Sources */ = {isa = PBXBuildFile; fileRef = 7CC374C726362AA600E94972 /* AppDelegate.swift */; };
		7CC374CA26362AA600E94972 /* SceneDelegate.swift in Sources */ = {isa = PBXBuildFile; fileRef = 7CC374C926362AA600E94972 /* SceneDelegate.swift */; };
		7CC374CC26362AA600E94972 /* ViewController.swift in Sources */ = {isa = PBXBuildFile; fileRef = 7CC374CB26362AA600E94972 /* ViewController.swift */; };
		7CC374CF26362AA600E94972 /* Main.storyboard in Resources */ = {isa = PBXBuildFile; fileRef = 7CC374CD26362AA600E94972 /* Main.storyboard */; };
		7CC374D126362AA800E94972 /* Assets.xcassets in Resources */ = {isa = PBXBuildFile; fileRef = 7CC374D026362AA800E94972 /* Assets.xcassets */; };
		7CC374D426362AA800E94972 /* LaunchScreen.storyboard in Resources */ = {isa = PBXBuildFile; fileRef = 7CC374D226362AA800E94972 /* LaunchScreen.storyboard */; };
		7CC374DE26362B3800E94972 /* NextViewController.swift in Sources */ = {isa = PBXBuildFile; fileRef = 7CC374DD26362B3800E94972 /* NextViewController.swift */; };
		7CC374E42637844400E94972 /* Person.swift in Sources */ = {isa = PBXBuildFile; fileRef = 7CC374E32637844400E94972 /* Person.swift */; };
/* End PBXBuildFile section */

/* Begin PBXFileReference section */
		7CC374C426362AA600E94972 /* Swift6Struct.app */ = {isa = PBXFileReference; explicitFileType = wrapper.application; includeInIndex = 0; path = Swift6Struct.app; sourceTree = BUILT_PRODUCTS_DIR; };
		7CC374C726362AA600E94972 /* AppDelegate.swift */ = {isa = PBXFileReference; lastKnownFileType = sourcecode.swift; path = AppDelegate.swift; sourceTree = "<group>"; };
		7CC374C926362AA600E94972 /* SceneDelegate.swift */ = {isa = PBXFileReference; lastKnownFileType = sourcecode.swift; path = SceneDelegate.swift; sourceTree = "<group>"; };
		7CC374CB26362AA600E94972 /* ViewController.swift */ = {isa = PBXFileReference; lastKnownFileType = sourcecode.swift; path = ViewController.swift; sourceTree = "<group>"; };
		7CC374CE26362AA600E94972 /* Base */ = {isa = PBXFileReference; lastKnownFileType = file.storyboard; name = Base; path = Base.lproj/Main.storyboard; sourceTree = "<group>"; };
		7CC374D026362AA800E94972 /* Assets.xcassets */ = {isa = PBXFileReference; lastKnownFileType = folder.assetcatalog; path = Assets.xcassets; sourceTree = "<group>"; };
		7CC374D326362AA800E94972 /* Base */ = {isa = PBXFileReference; lastKnownFileType = file.storyboard; name = Base; path = Base.lproj/LaunchScreen.storyboard; sourceTree = "<group>"; };
		7CC374D526362AA800E94972 /* Info.plist */ = {isa = PBXFileReference; lastKnownFileType = text.plist.xml; path = Info.plist; sourceTree = "<group>"; };
		7CC374DD26362B3800E94972 /* NextViewController.swift */ = {isa = PBXFileReference; lastKnownFileType = sourcecode.swift; path = NextViewController.swift; sourceTree = "<group>"; };
		7CC374E32637844400E94972 /* Person.swift */ = {isa = PBXFileReference; lastKnownFileType = sourcecode.swift; path = Person.swift; sourceTree = "<group>"; };
/* End PBXFileReference section */

/* Begin PBXFrameworksBuildPhase section */
		7CC374C126362AA600E94972 /* Frameworks */ = {
			isa = PBXFrameworksBuildPhase;
			buildActionMask = 2147483647;
			files = (
			);
			runOnlyForDeploymentPostprocessing = 0;
		};
/* End PBXFrameworksBuildPhase section */

/* Begin PBXGroup section */
		7CC374BB26362AA600E94972 = {
			isa = PBXGroup;
			children = (
				7CC374C626362AA600E94972 /* Swift6Struct */,
				7CC374C526362AA600E94972 /* Products */,
			);
			sourceTree = "<group>";
		};
		7CC374C526362AA600E94972 /* Products */ = {
			isa = PBXGroup;
			children = (
				7CC374C426362AA600E94972 /* Swift6Struct.app */,
			);
			name = Products;
			sourceTree = "<group>";
		};
		7CC374C626362AA600E94972 /* Swift6Struct */ = {
			isa = PBXGroup;
			children = (
				7CC374C726362AA600E94972 /* AppDelegate.swift */,
				7CC374C926362AA600E94972 /* SceneDelegate.swift */,
				7CC374E62637846700E94972 /* Model */,
				7CC374E026362B5600E94972 /* Controller */,
				7CC374CD26362AA600E94972 /* Main.storyboard */,
				7CC374D026362AA800E94972 /* Assets.xcassets */,
				7CC374D226362AA800E94972 /* LaunchScreen.storyboard */,
				7CC374D526362AA800E94972 /* Info.plist */,
			);
			path = Swift6Struct;
			sourceTree = "<group>";
		};
		7CC374E026362B5600E94972 /* Controller */ = {
			isa = PBXGroup;
			children = (
				7CC374CB26362AA600E94972 /* ViewController.swift */,
				7CC374DD26362B3800E94972 /* NextViewController.swift */,
			);
			path = Controller;
			sourceTree = "<group>";
		};
		7CC374E62637846700E94972 /* Model */ = {
			isa = PBXGroup;
			children = (
				7CC374E32637844400E94972 /* Person.swift */,
			);
			path = Model;
			sourceTree = "<group>";
		};
/* End PBXGroup section */

/* Begin PBXNativeTarget section */
		7CC374C326362AA600E94972 /* Swift6Struct */ = {
			isa = PBXNativeTarget;
			buildConfigurationList = 7CC374D826362AA800E94972 /* Build configuration list for PBXNativeTarget "Swift6Struct" */;
			buildPhases = (
				7CC374C026362AA600E94972 /* Sources */,
				7CC374C126362AA600E94972 /* Frameworks */,
				7CC374C226362AA600E94972 /* Resources */,
			);
			buildRules = (
			);
			dependencies = (
			);
			name = Swift6Struct;
			productName = Swift6Struct;
			productReference = 7CC374C426362AA600E94972 /* Swift6Struct.app */;
			productType = "com.apple.product-type.application";
		};
/* End PBXNativeTarget section */

/* Begin PBXProject section */
		7CC374BC26362AA600E94972 /* Project object */ = {
			isa = PBXProject;
			attributes = {
				LastSwiftUpdateCheck = 1240;
				LastUpgradeCheck = 1240;
				TargetAttributes = {
					7CC374C326362AA600E94972 = {
						CreatedOnToolsVersion = 12.4;
					};
				};
			};
			buildConfigurationList = 7CC374BF26362AA600E94972 /* Build configuration list for PBXProject "Swift6Struct" */;
			compatibilityVersion = "Xcode 9.3";
			developmentRegion = en;
			hasScannedForEncodings = 0;
			knownRegions = (
				en,
				Base,
			);
			mainGroup = 7CC374BB26362AA600E94972;
			productRefGroup = 7CC374C526362AA600E94972 /* Products */;
			projectDirPath = "";
			projectRoot = "";
			targets = (
				7CC374C326362AA600E94972 /* Swift6Struct */,
			);
		};
/* End PBXProject section */

/* Begin PBXResourcesBuildPhase section */
		7CC374C226362AA600E94972 /* Resources */ = {
			isa = PBXResourcesBuildPhase;
			buildActionMask = 2147483647;
			files = (
				7CC374D426362AA800E94972 /* LaunchScreen.storyboard in Resources */,
				7CC374D126362AA800E94972 /* Assets.xcassets in Resources */,
				7CC374CF26362AA600E94972 /* Main.storyboard in Resources */,
			);
			runOnlyForDeploymentPostprocessing = 0;
		};
/* End PBXResourcesBuildPhase section */

/* Begin PBXSourcesBuildPhase section */
		7CC374C026362AA600E94972 /* Sources */ = {
			isa = PBXSourcesBuildPhase;
			buildActionMask = 2147483647;
			files = (
				7CC374E42637844400E94972 /* Person.swift in Sources */,
				7CC374CC26362AA600E94972 /* ViewController.swift in Sources */,
				7CC374DE26362B3800E94972 /* NextViewController.swift in Sources */,
				7CC374C826362AA600E94972 /* AppDelegate.swift in Sources */,
				7CC374CA26362AA600E94972 /* SceneDelegate.swift in Sources */,
			);
			runOnlyForDeploymentPostprocessing = 0;
		};
/* End PBXSourcesBuildPhase section */

/* Begin PBXVariantGroup section */
		7CC374CD26362AA600E94972 /* Main.storyboard */ = {
			isa = PBXVariantGroup;
			children = (
				7CC374CE26362AA600E94972 /* Base */,
			);
			name = Main.storyboard;
			sourceTree = "<group>";
		};
		7CC374D226362AA800E94972 /* LaunchScreen.storyboard */ = {
			isa = PBXVariantGroup;
			children = (
				7CC374D326362AA800E94972 /* Base */,
			);
			name = LaunchScreen.storyboard;
			sourceTree = "<group>";
		};
/* End PBXVariantGroup section */

/* Begin XCBuildConfiguration section */
		7CC374D626362AA800E94972 /* Debug */ = {
			isa = XCBuildConfiguration;
			buildSettings = {
				ALWAYS_SEARCH_USER_PATHS = NO;
				CLANG_ANALYZER_NONNULL = YES;
				CLANG_ANALYZER_NUMBER_OBJECT_CONVERSION = YES_AGGRESSIVE;
				CLANG_CXX_LANGUAGE_STANDARD = "gnu++14";
				CLANG_CXX_LIBRARY = "libc++";
				CLANG_ENABLE_MODULES = YES;
				CLANG_ENABLE_OBJC_ARC = YES;
				CLANG_ENABLE_OBJC_WEAK = YES;
				CLANG_WARN_BLOCK_CAPTURE_AUTORELEASING = YES;
				CLANG_WARN_BOOL_CONVERSION = YES;
				CLANG_WARN_COMMA = YES;
				CLANG_WARN_CONSTANT_CONVERSION = YES;
				CLANG_WARN_DEPRECATED_OBJC_IMPLEMENTATIONS = YES;
				CLANG_WARN_DIRECT_OBJC_ISA_USAGE = YES_ERROR;
				CLANG_WARN_DOCUMENTATION_COMMENTS = YES;
				CLANG_WARN_EMPTY_BODY = YES;
				CLANG_WARN_ENUM_CONVERSION = YES;
				CLANG_WARN_INFINITE_RECURSION = YES;
				CLANG_WARN_INT_CONVERSION = YES;
				CLANG_WARN_NON_LITERAL_NULL_CONVERSION = YES;
				CLANG_WARN_OBJC_IMPLICIT_RETAIN_SELF = YES;
				CLANG_WARN_OBJC_LITERAL_CONVERSION = YES;
				CLANG_WARN_OBJC_ROOT_CLASS = YES_ERROR;
				CLANG_WARN_QUOTED_INCLUDE_IN_FRAMEWORK_HEADER = YES;
				CLANG_WARN_RANGE_LOOP_ANALYSIS = YES;
				CLANG_WARN_STRICT_PROTOTYPES = YES;
				CLANG_WARN_SUSPICIOUS_MOVE = YES;
				CLANG_WARN_UNGUARDED_AVAILABILITY = YES_AGGRESSIVE;
				CLANG_WARN_UNREACHABLE_CODE = YES;
				CLANG_WARN__DUPLICATE_METHOD_MATCH = YES;
				COPY_PHASE_STRIP = NO;
				DEBUG_INFORMATION_FORMAT = dwarf;
				ENABLE_STRICT_OBJC_MSGSEND = YES;
				ENABLE_TESTABILITY = YES;
				GCC_C_LANGUAGE_STANDARD = gnu11;
				GCC_DYNAMIC_NO_PIC = NO;
				GCC_NO_COMMON_BLOCKS = YES;
				GCC_OPTIMIZATION_LEVEL = 0;
				GCC_PREPROCESSOR_DEFINITIONS = (
					"DEBUG=1",
					"$(inherited)",
				);
				GCC_WARN_64_TO_32_BIT_CONVERSION = YES;
				GCC_WARN_ABOUT_RETURN_TYPE = YES_ERROR;
				GCC_WARN_UNDECLARED_SELECTOR = YES;
				GCC_WARN_UNINITIALIZED_AUTOS = YES_AGGRESSIVE;
				GCC_WARN_UNUSED_FUNCTION = YES;
				GCC_WARN_UNUSED_VARIABLE = YES;
				IPHONEOS_DEPLOYMENT_TARGET = 14.4;
				MTL_ENABLE_DEBUG_INFO = INCLUDE_SOURCE;
				MTL_FAST_MATH = YES;
				ONLY_ACTIVE_ARCH = YES;
				SDKROOT = iphoneos;
				SWIFT_ACTIVE_COMPILATION_CONDITIONS = DEBUG;
				SWIFT_OPTIMIZATION_LEVEL = "-Onone";
			};
			name = Debug;
		};
		7CC374D726362AA800E94972 /* Release */ = {
			isa = XCBuildConfiguration;
			buildSettings = {
				ALWAYS_SEARCH_USER_PATHS = NO;
				CLANG_ANALYZER_NONNULL = YES;
				CLANG_ANALYZER_NUMBER_OBJECT_CONVERSION = YES_AGGRESSIVE;
				CLANG_CXX_LANGUAGE_STANDARD = "gnu++14";
				CLANG_CXX_LIBRARY = "libc++";
				CLANG_ENABLE_MODULES = YES;
				CLANG_ENABLE_OBJC_ARC = YES;
				CLANG_ENABLE_OBJC_WEAK = YES;
				CLANG_WARN_BLOCK_CAPTURE_AUTORELEASING = YES;
				CLANG_WARN_BOOL_CONVERSION = YES;
				CLANG_WARN_COMMA = YES;
				CLANG_WARN_CONSTANT_CONVERSION = YES;
				CLANG_WARN_DEPRECATED_OBJC_IMPLEMENTATIONS = YES;
				CLANG_WARN_DIRECT_OBJC_ISA_USAGE = YES_ERROR;
				CLANG_WARN_DOCUMENTATION_COMMENTS = YES;
				CLANG_WARN_EMPTY_BODY = YES;
				CLANG_WARN_ENUM_CONVERSION = YES;
				CLANG_WARN_INFINITE_RECURSION = YES;
				CLANG_WARN_INT_CONVERSION = YES;
				CLANG_WARN_NON_LITERAL_NULL_CONVERSION = YES;
				CLANG_WARN_OBJC_IMPLICIT_RETAIN_SELF = YES;
				CLANG_WARN_OBJC_LITERAL_CONVERSION = YES;
				CLANG_WARN_OBJC_ROOT_CLASS = YES_ERROR;
				CLANG_WARN_QUOTED_INCLUDE_IN_FRAMEWORK_HEADER = YES;
				CLANG_WARN_RANGE_LOOP_ANALYSIS = YES;
				CLANG_WARN_STRICT_PROTOTYPES = YES;
				CLANG_WARN_SUSPICIOUS_MOVE = YES;
				CLANG_WARN_UNGUARDED_AVAILABILITY = YES_AGGRESSIVE;
				CLANG_WARN_UNREACHABLE_CODE = YES;
				CLANG_WARN__DUPLICATE_METHOD_MATCH = YES;
				COPY_PHASE_STRIP = NO;
				DEBUG_INFORMATION_FORMAT = "dwarf-with-dsym";
				ENABLE_NS_ASSERTIONS = NO;
				ENABLE_STRICT_OBJC_MSGSEND = YES;
				GCC_C_LANGUAGE_STANDARD = gnu11;
				GCC_NO_COMMON_BLOCKS = YES;
				GCC_WARN_64_TO_32_BIT_CONVERSION = YES;
				GCC_WARN_ABOUT_RETURN_TYPE = YES_ERROR;
				GCC_WARN_UNDECLARED_SELECTOR = YES;
				GCC_WARN_UNINITIALIZED_AUTOS = YES_AGGRESSIVE;
				GCC_WARN_UNUSED_FUNCTION = YES;
				GCC_WARN_UNUSED_VARIABLE = YES;
				IPHONEOS_DEPLOYMENT_TARGET = 14.4;
				MTL_ENABLE_DEBUG_INFO = NO;
				MTL_FAST_MATH = YES;
				SDKROOT = iphoneos;
				SWIFT_COMPILATION_MODE = wholemodule;
				SWIFT_OPTIMIZATION_LEVEL = "-O";
				VALIDATE_PRODUCT = YES;
			};
			name = Release;
		};
		7CC374D926362AA800E94972 /* Debug */ = {
			isa = XCBuildConfiguration;
			buildSettings = {
				ASSETCATALOG_COMPILER_APPICON_NAME = AppIcon;
				ASSETCATALOG_COMPILER_GLOBAL_ACCENT_COLOR_NAME = AccentColor;
				CODE_SIGN_STYLE = Automatic;
				DEVELOPMENT_TEAM = 286GMU3SQ3;
				INFOPLIST_FILE = Swift6Struct/Info.plist;
				LD_RUNPATH_SEARCH_PATHS = (
					"$(inherited)",
					"@executable_path/Frameworks",
				);
				PRODUCT_BUNDLE_IDENTIFIER = com.fumiyaudemy.Swift6Struct;
				PRODUCT_NAME = "$(TARGET_NAME)";
				SWIFT_VERSION = 5.0;
				TARGETED_DEVICE_FAMILY = 1;
			};
			name = Debug;
		};
		7CC374DA26362AA800E94972 /* Release */ = {
			isa = XCBuildConfiguration;
			buildSettings = {
				ASSETCATALOG_COMPILER_APPICON_NAME = AppIcon;
				ASSETCATALOG_COMPILER_GLOBAL_ACCENT_COLOR_NAME = AccentColor;
				CODE_SIGN_STYLE = Automatic;
				DEVELOPMENT_TEAM = 286GMU3SQ3;
				INFOPLIST_FILE = Swift6Struct/Info.plist;
				LD_RUNPATH_SEARCH_PATHS = (
					"$(inherited)",
					"@executable_path/Frameworks",
				);
				PRODUCT_BUNDLE_IDENTIFIER = com.fumiyaudemy.Swift6Struct;
				PRODUCT_NAME = "$(TARGET_NAME)";
				SWIFT_VERSION = 5.0;
				TARGETED_DEVICE_FAMILY = 1;
			};
			name = Release;
		};
/* End XCBuildConfiguration section */

/* Begin XCConfigurationList section */
		7CC374BF26362AA600E94972 /* Build configuration list for PBXProject "Swift6Struct" */ = {
			isa = XCConfigurationList;
			buildConfigurations = (
				7CC374D626362AA800E94972 /* Debug */,
				7CC374D726362AA800E94972 /* Release */,
			);
			defaultConfigurationIsVisible = 0;
			defaultConfigurationName = Release;
		};
		7CC374D826362AA800E94972 /* Build configuration list for PBXNativeTarget "Swift6Struct" */ = {
			isa = XCConfigurationList;
			buildConfigurations = (
				7CC374D926362AA800E94972 /* Debug */,
				7CC374DA26362AA800E94972 /* Release */,
			);
			defaultConfigurationIsVisible = 0;
			defaultConfigurationName = Release;
		};
/* End XCConfigurationList section */
	};
	rootObject = 7CC374BC26362AA600E94972 /* Project object */;
}
